{
  "name": "jws-verifier",
  "version": "1.0.0",
  "lockfileVersion": 3,
  "requires": true,
  "packages": {
    "": {
      "name": "jws-verifier",
      "version": "1.0.0",
      "license": "ISC",
      "dependencies": {
        "@zipwire/proofpack": "file:../../javascript/packages/base",
        "@zipwire/proofpack-ethereum": "file:../../javascript/packages/ethereum"
      }
    },
    "../../javascript/packages/base": {
      "name": "@zipwire/proofpack",
      "version": "0.1.0",
      "license": "MIT",
      "devDependencies": {},
      "engines": {
        "node": ">=18.0.0"
      }
    },
    "../../javascript/packages/ethereum": {
      "name": "@zipwire/proofpack-ethereum",
      "version": "0.1.0",
      "license": "MIT",
      "dependencies": {
        "@ethereum-attestation-service/eas-sdk": "^1.0.0",
        "ethereum-cryptography": "^3.2.0",
        "ethers": "^6.0.0"
      },
      "devDependencies": {},
      "engines": {
        "node": ">=18.0.0"
      }
    },
    "node_modules/@zipwire/proofpack": {
      "resolved": "../../javascript/packages/base",
      "link": true
    },
    "node_modules/@zipwire/proofpack-ethereum": {
      "resolved": "../../javascript/packages/ethereum",
      "link": true
    }
  }
}
